
Microsoft Visual Studio Solution File, Format Version 12.00
# Visual Studio Version 17
VisualStudioVersion = 17.6.33717.318
MinimumVisualStudioVersion = 10.0.40219.1
Project("{FAE04EC0-301F-11D3-BF4B-00C04F79EFBC}") = "ProiectFinalMihaiPanaitoiu", "ProiectFinalMihaiPanaitoiu\ProiectFinalMihaiPanaitoiu.csproj", "{85FF5E56-709B-41A4-B165-CFADE3A07A80}"
EndProject
Project("{FAE04EC0-301F-11D3-BF4B-00C04F79EFBC}") = "Data", "Data\Data.csproj", "{01184D96-1E98-454D-B358-E14A217A3A93}"
EndProject
Global
	GlobalSection(SolutionConfigurationPlatforms) = preSolution
		Debug|Any CPU = Debug|Any CPU
		Release|Any CPU = Release|Any CPU
	EndGlobalSection
	GlobalSection(ProjectConfigurationPlatforms) = postSolution
		{85FF5E56-709B-41A4-B165-CFADE3A07A80}.Debug|Any CPU.ActiveCfg = Debug|Any CPU
		{85FF5E56-709B-41A4-B165-CFADE3A07A80}.Debug|Any CPU.Build.0 = Debug|Any CPU
		{85FF5E56-709B-41A4-B165-CFADE3A07A80}.Release|Any CPU.ActiveCfg = Release|Any CPU
		{85FF5E56-709B-41A4-B165-CFADE3A07A80}.Release|Any CPU.Build.0 = Release|Any CPU
		{01184D96-1E98-454D-B358-E14A217A3A93}.Debug|Any CPU.ActiveCfg = Debug|Any CPU
		{01184D96-1E98-454D-B358-E14A217A3A93}.Debug|Any CPU.Build.0 = Debug|Any CPU
		{01184D96-1E98-454D-B358-E14A217A3A93}.Release|Any CPU.ActiveCfg = Release|Any CPU
		{01184D96-1E98-454D-B358-E14A217A3A93}.Release|Any CPU.Build.0 = Release|Any CPU
	EndGlobalSection
	GlobalSection(SolutionProperties) = preSolution
		HideSolutionNode = FALSE
	EndGlobalSection
	GlobalSection(ExtensibilityGlobals) = postSolution
		SolutionGuid = {47735B78-86BE-4AD4-96E4-3D3322172E14}
	EndGlobalSection
EndGlobal
